// !$*UTF8*$!
{
	archiveVersion = 1;
	classes = {
	};
	objectVersion = 48;
	objects = {

/* Begin PBXBuildFile section */
		280EFB7E2009B60A007B455B /* LeagueVC.swift in Sources */ = {isa = PBXBuildFile; fileRef = 280EFB7D2009B60A007B455B /* LeagueVC.swift */; };
		280EFB802009B61F007B455B /* SkillVC.swift in Sources */ = {isa = PBXBuildFile; fileRef = 280EFB7F2009B61F007B455B /* SkillVC.swift */; };
		287BCABD200859B100BD6234 /* AppDelegate.swift in Sources */ = {isa = PBXBuildFile; fileRef = 287BCABC200859B100BD6234 /* AppDelegate.swift */; };
		287BCABF200859B100BD6234 /* WelcomeVC.swift in Sources */ = {isa = PBXBuildFile; fileRef = 287BCABE200859B100BD6234 /* WelcomeVC.swift */; };
		287BCAC2200859B100BD6234 /* Main.storyboard in Resources */ = {isa = PBXBuildFile; fileRef = 287BCAC0200859B100BD6234 /* Main.storyboard */; };
		287BCAC4200859B100BD6234 /* Assets.xcassets in Resources */ = {isa = PBXBuildFile; fileRef = 287BCAC3200859B100BD6234 /* Assets.xcassets */; };
		287BCAC7200859B100BD6234 /* LaunchScreen.storyboard in Resources */ = {isa = PBXBuildFile; fileRef = 287BCAC5200859B100BD6234 /* LaunchScreen.storyboard */; };
		287BCAD02008613E00BD6234 /* BorderButton.swift in Sources */ = {isa = PBXBuildFile; fileRef = 287BCACF2008613E00BD6234 /* BorderButton.swift */; };
/* End PBXBuildFile section */

/* Begin PBXFileReference section */
		280EFB7D2009B60A007B455B /* LeagueVC.swift */ = {isa = PBXFileReference; lastKnownFileType = sourcecode.swift; path = LeagueVC.swift; sourceTree = "<group>"; };
		280EFB7F2009B61F007B455B /* SkillVC.swift */ = {isa = PBXFileReference; lastKnownFileType = sourcecode.swift; path = SkillVC.swift; sourceTree = "<group>"; };
		287BCAB9200859B100BD6234 /* Swoosh.app */ = {isa = PBXFileReference; explicitFileType = wrapper.application; includeInIndex = 0; path = Swoosh.app; sourceTree = BUILT_PRODUCTS_DIR; };
		287BCABC200859B100BD6234 /* AppDelegate.swift */ = {isa = PBXFileReference; lastKnownFileType = sourcecode.swift; path = AppDelegate.swift; sourceTree = "<group>"; };
		287BCABE200859B100BD6234 /* WelcomeVC.swift */ = {isa = PBXFileReference; lastKnownFileType = sourcecode.swift; path = WelcomeVC.swift; sourceTree = "<group>"; };
		287BCAC1200859B100BD6234 /* Base */ = {isa = PBXFileReference; lastKnownFileType = file.storyboard; name = Base; path = Base.lproj/Main.storyboard; sourceTree = "<group>"; };
		287BCAC3200859B100BD6234 /* Assets.xcassets */ = {isa = PBXFileReference; lastKnownFileType = folder.assetcatalog; path = Assets.xcassets; sourceTree = "<group>"; };
		287BCAC6200859B100BD6234 /* Base */ = {isa = PBXFileReference; lastKnownFileType = file.storyboard; name = Base; path = Base.lproj/LaunchScreen.storyboard; sourceTree = "<group>"; };
		287BCAC8200859B100BD6234 /* Info.plist */ = {isa = PBXFileReference; lastKnownFileType = text.plist.xml; path = Info.plist; sourceTree = "<group>"; };
		287BCACF2008613E00BD6234 /* BorderButton.swift */ = {isa = PBXFileReference; lastKnownFileType = sourcecode.swift; path = BorderButton.swift; sourceTree = "<group>"; };
/* End PBXFileReference section */

/* Begin PBXFrameworksBuildPhase section */
		287BCAB6200859B100BD6234 /* Frameworks */ = {
			isa = PBXFrameworksBuildPhase;
			buildActionMask = 2147483647;
			files = (
			);
			runOnlyForDeploymentPostprocessing = 0;
		};
/* End PBXFrameworksBuildPhase section */

/* Begin PBXGroup section */
		280EFB7B2009B501007B455B /* Controller */ = {
			isa = PBXGroup;
			children = (
				287BCABE200859B100BD6234 /* WelcomeVC.swift */,
				280EFB7D2009B60A007B455B /* LeagueVC.swift */,
				280EFB7F2009B61F007B455B /* SkillVC.swift */,
			);
			path = Controller;
			sourceTree = "<group>";
		};
		280EFB7C2009B509007B455B /* Model */ = {
			isa = PBXGroup;
			children = (
			);
			path = Model;
			sourceTree = "<group>";
		};
		287BCAB0200859B100BD6234 = {
			isa = PBXGroup;
			children = (
				287BCABB200859B100BD6234 /* Swoosh */,
				287BCABA200859B100BD6234 /* Products */,
			);
			sourceTree = "<group>";
		};
		287BCABA200859B100BD6234 /* Products */ = {
			isa = PBXGroup;
			children = (
				287BCAB9200859B100BD6234 /* Swoosh.app */,
			);
			name = Products;
			sourceTree = "<group>";
		};
		287BCABB200859B100BD6234 /* Swoosh */ = {
			isa = PBXGroup;
			children = (
				280EFB7C2009B509007B455B /* Model */,
				280EFB7B2009B501007B455B /* Controller */,
				287BCACE200860ED00BD6234 /* View */,
				287BCABC200859B100BD6234 /* AppDelegate.swift */,
				287BCAC0200859B100BD6234 /* Main.storyboard */,
				287BCAC3200859B100BD6234 /* Assets.xcassets */,
				287BCAC5200859B100BD6234 /* LaunchScreen.storyboard */,
				287BCAC8200859B100BD6234 /* Info.plist */,
			);
			path = Swoosh;
			sourceTree = "<group>";
		};
		287BCACE200860ED00BD6234 /* View */ = {
			isa = PBXGroup;
			children = (
				287BCACF2008613E00BD6234 /* BorderButton.swift */,
			);
			path = View;
			sourceTree = "<group>";
		};
/* End PBXGroup section */

/* Begin PBXNativeTarget section */
		287BCAB8200859B100BD6234 /* Swoosh */ = {
			isa = PBXNativeTarget;
			buildConfigurationList = 287BCACB200859B100BD6234 /* Build configuration list for PBXNativeTarget "Swoosh" */;
			buildPhases = (
				287BCAB5200859B100BD6234 /* Sources */,
				287BCAB6200859B100BD6234 /* Frameworks */,
				287BCAB7200859B100BD6234 /* Resources */,
			);
			buildRules = (
			);
			dependencies = (
			);
			name = Swoosh;
			productName = Swoosh;
			productReference = 287BCAB9200859B100BD6234 /* Swoosh.app */;
			productType = "com.apple.product-type.application";
		};
/* End PBXNativeTarget section */

/* Begin PBXProject section */
		287BCAB1200859B100BD6234 /* Project object */ = {
			isa = PBXProject;
			attributes = {
				LastSwiftUpdateCheck = 0920;
				LastUpgradeCheck = 0920;
				ORGANIZATIONNAME = "Bari Abdul";
				TargetAttributes = {
					287BCAB8200859B100BD6234 = {
						CreatedOnToolsVersion = 9.2;
						ProvisioningStyle = Automatic;
					};
				};
			};
			buildConfigurationList = 287BCAB4200859B100BD6234 /* Build configuration list for PBXProject "Swoosh" */;
			compatibilityVersion = "Xcode 8.0";
			developmentRegion = en;
			hasScannedForEncodings = 0;
			knownRegions = (
				en,
				Base,
			);
			mainGroup = 287BCAB0200859B100BD6234;
			productRefGroup = 287BCABA200859B100BD6234 /* Products */;
			projectDirPath = "";
			projectRoot = "";
			targets = (
				287BCAB8200859B100BD6234 /* Swoosh */,
			);
		};
/* End PBXProject section */

/* Begin PBXResourcesBuildPhase section */
		287BCAB7200859B100BD6234 /* Resources */ = {
			isa = PBXResourcesBuildPhase;
			buildActionMask = 2147483647;
			files = (
				287BCAC7200859B100BD6234 /* LaunchScreen.storyboard in Resources */,
				287BCAC4200859B100BD6234 /* Assets.xcassets in Resources */,
				287BCAC2200859B100BD6234 /* Main.storyboard in Resources */,
			);
			runOnlyForDeploymentPostprocessing = 0;
		};
/* End PBXResourcesBuildPhase section */

/* Begin PBXSourcesBuildPhase section */
		287BCAB5200859B100BD6234 /* Sources */ = {
			isa = PBXSourcesBuildPhase;
			buildActionMask = 2147483647;
			files = (
				287BCABF200859B100BD6234 /* WelcomeVC.swift in Sources */,
				280EFB7E2009B60A007B455B /* LeagueVC.swift in Sources */,
				287BCABD200859B100BD6234 /* AppDelegate.swift in Sources */,
				280EFB802009B61F007B455B /* SkillVC.swift in Sources */,
				287BCAD02008613E00BD6234 /* BorderButton.swift in Sources */,
			);
			runOnlyForDeploymentPostprocessing = 0;
		};
/* End PBXSourcesBuildPhase section */

/* Begin PBXVariantGroup section */
		287BCAC0200859B100BD6234 /* Main.storyboard */ = {
			isa = PBXVariantGroup;
			children = (
				287BCAC1200859B100BD6234 /* Base */,
			);
			name = Main.storyboard;
			sourceTree = "<group>";
		};
		287BCAC5200859B100BD6234 /* LaunchScreen.storyboard */ = {
			isa = PBXVariantGroup;
			children = (
				287BCAC6200859B100BD6234 /* Base */,
			);
			name = LaunchScreen.storyboard;
			sourceTree = "<group>";
		};
/* End PBXVariantGroup section */

/* Begin XCBuildConfiguration section */
		287BCAC9200859B100BD6234 /* Debug */ = {
			isa = XCBuildConfiguration;
			buildSettings = {
				ALWAYS_SEARCH_USER_PATHS = NO;
				CLANG_ANALYZER_NONNULL = YES;
				CLANG_ANALYZER_NUMBER_OBJECT_CONVERSION = YES_AGGRESSIVE;
				CLANG_CXX_LANGUAGE_STANDARD = "gnu++14";
				CLANG_CXX_LIBRARY = "libc++";
				CLANG_ENABLE_MODULES = YES;
				CLANG_ENABLE_OBJC_ARC = YES;
				CLANG_WARN_BLOCK_CAPTURE_AUTORELEASING = YES;
				CLANG_WARN_BOOL_CONVERSION = YES;
				CLANG_WARN_COMMA = YES;
				CLANG_WARN_CONSTANT_CONVERSION = YES;
				CLANG_WARN_DIRECT_OBJC_ISA_USAGE = YES_ERROR;
				CLANG_WARN_DOCUMENTATION_COMMENTS = YES;
				CLANG_WARN_EMPTY_BODY = YES;
				CLANG_WARN_ENUM_CONVERSION = YES;
				CLANG_WARN_INFINITE_RECURSION = YES;
				CLANG_WARN_INT_CONVERSION = YES;
				CLANG_WARN_NON_LITERAL_NULL_CONVERSION = YES;
				CLANG_WARN_OBJC_LITERAL_CONVERSION = YES;
				CLANG_WARN_OBJC_ROOT_CLASS = YES_ERROR;
				CLANG_WARN_RANGE_LOOP_ANALYSIS = YES;
				CLANG_WARN_STRICT_PROTOTYPES = YES;
				CLANG_WARN_SUSPICIOUS_MOVE = YES;
				CLANG_WARN_UNGUARDED_AVAILABILITY = YES_AGGRESSIVE;
				CLANG_WARN_UNREACHABLE_CODE = YES;
				CLANG_WARN__DUPLICATE_METHOD_MATCH = YES;
				CODE_SIGN_IDENTITY = "iPhone Developer";
				COPY_PHASE_STRIP = NO;
				DEBUG_INFORMATION_FORMAT = dwarf;
				ENABLE_STRICT_OBJC_MSGSEND = YES;
				ENABLE_TESTABILITY = YES;
				GCC_C_LANGUAGE_STANDARD = gnu11;
				GCC_DYNAMIC_NO_PIC = NO;
				GCC_NO_COMMON_BLOCKS = YES;
				GCC_OPTIMIZATION_LEVEL = 0;
				GCC_PREPROCESSOR_DEFINITIONS = (
					"DEBUG=1",
					"$(inherited)",
				);
				GCC_WARN_64_TO_32_BIT_CONVERSION = YES;
				GCC_WARN_ABOUT_RETURN_TYPE = YES_ERROR;
				GCC_WARN_UNDECLARED_SELECTOR = YES;
				GCC_WARN_UNINITIALIZED_AUTOS = YES_AGGRESSIVE;
				GCC_WARN_UNUSED_FUNCTION = YES;
				GCC_WARN_UNUSED_VARIABLE = YES;
				IPHONEOS_DEPLOYMENT_TARGET = 11.2;
				MTL_ENABLE_DEBUG_INFO = YES;
				ONLY_ACTIVE_ARCH = YES;
				SDKROOT = iphoneos;
				SWIFT_ACTIVE_COMPILATION_CONDITIONS = DEBUG;
				SWIFT_OPTIMIZATION_LEVEL = "-Onone";
			};
			name = Debug;
		};
		287BCACA200859B100BD6234 /* Release */ = {
			isa = XCBuildConfiguration;
			buildSettings = {
				ALWAYS_SEARCH_USER_PATHS = NO;
				CLANG_ANALYZER_NONNULL = YES;
				CLANG_ANALYZER_NUMBER_OBJECT_CONVERSION = YES_AGGRESSIVE;
				CLANG_CXX_LANGUAGE_STANDARD = "gnu++14";
				CLANG_CXX_LIBRARY = "libc++";
				CLANG_ENABLE_MODULES = YES;
				CLANG_ENABLE_OBJC_ARC = YES;
				CLANG_WARN_BLOCK_CAPTURE_AUTORELEASING = YES;
				CLANG_WARN_BOOL_CONVERSION = YES;
				CLANG_WARN_COMMA = YES;
				CLANG_WARN_CONSTANT_CONVERSION = YES;
				CLANG_WARN_DIRECT_OBJC_ISA_USAGE = YES_ERROR;
				CLANG_WARN_DOCUMENTATION_COMMENTS = YES;
				CLANG_WARN_EMPTY_BODY = YES;
				CLANG_WARN_ENUM_CONVERSION = YES;
				CLANG_WARN_INFINITE_RECURSION = YES;
				CLANG_WARN_INT_CONVERSION = YES;
				CLANG_WARN_NON_LITERAL_NULL_CONVERSION = YES;
				CLANG_WARN_OBJC_LITERAL_CONVERSION = YES;
				CLANG_WARN_OBJC_ROOT_CLASS = YES_ERROR;
				CLANG_WARN_RANGE_LOOP_ANALYSIS = YES;
				CLANG_WARN_STRICT_PROTOTYPES = YES;
				CLANG_WARN_SUSPICIOUS_MOVE = YES;
				CLANG_WARN_UNGUARDED_AVAILABILITY = YES_AGGRESSIVE;
				CLANG_WARN_UNREACHABLE_CODE = YES;
				CLANG_WARN__DUPLICATE_METHOD_MATCH = YES;
				CODE_SIGN_IDENTITY = "iPhone Developer";
				COPY_PHASE_STRIP = NO;
				DEBUG_INFORMATION_FORMAT = "dwarf-with-dsym";
				ENABLE_NS_ASSERTIONS = NO;
				ENABLE_STRICT_OBJC_MSGSEND = YES;
				GCC_C_LANGUAGE_STANDARD = gnu11;
				GCC_NO_COMMON_BLOCKS = YES;
				GCC_WARN_64_TO_32_BIT_CONVERSION = YES;
				GCC_WARN_ABOUT_RETURN_TYPE = YES_ERROR;
				GCC_WARN_UNDECLARED_SELECTOR = YES;
				GCC_WARN_UNINITIALIZED_AUTOS = YES_AGGRESSIVE;
				GCC_WARN_UNUSED_FUNCTION = YES;
				GCC_WARN_UNUSED_VARIABLE = YES;
				IPHONEOS_DEPLOYMENT_TARGET = 11.2;
				MTL_ENABLE_DEBUG_INFO = NO;
				SDKROOT = iphoneos;
				SWIFT_OPTIMIZATION_LEVEL = "-Owholemodule";
				VALIDATE_PRODUCT = YES;
			};
			name = Release;
		};
		287BCACC200859B100BD6234 /* Debug */ = {
			isa = XCBuildConfiguration;
			buildSettings = {
				ASSETCATALOG_COMPILER_APPICON_NAME = AppIcon;
				CODE_SIGN_STYLE = Automatic;
				INFOPLIST_FILE = Swoosh/Info.plist;
				LD_RUNPATH_SEARCH_PATHS = "$(inherited) @executable_path/Frameworks";
				PRODUCT_BUNDLE_IDENTIFIER = com.bariabdul.Swoosh;
				PRODUCT_NAME = "$(TARGET_NAME)";
				SWIFT_VERSION = 4.0;
				TARGETED_DEVICE_FAMILY = "1,2";
			};
			name = Debug;
		};
		287BCACD200859B100BD6234 /* Release */ = {
			isa = XCBuildConfiguration;
			buildSettings = {
				ASSETCATALOG_COMPILER_APPICON_NAME = AppIcon;
				CODE_SIGN_STYLE = Automatic;
				INFOPLIST_FILE = Swoosh/Info.plist;
				LD_RUNPATH_SEARCH_PATHS = "$(inherited) @executable_path/Frameworks";
				PRODUCT_BUNDLE_IDENTIFIER = com.bariabdul.Swoosh;
				PRODUCT_NAME = "$(TARGET_NAME)";
				SWIFT_VERSION = 4.0;
				TARGETED_DEVICE_FAMILY = "1,2";
			};
			name = Release;
		};
/* End XCBuildConfiguration section */

/* Begin XCConfigurationList section */
		287BCAB4200859B100BD6234 /* Build configuration list for PBXProject "Swoosh" */ = {
			isa = XCConfigurationList;
			buildConfigurations = (
				287BCAC9200859B100BD6234 /* Debug */,
				287BCACA200859B100BD6234 /* Release */,
			);
			defaultConfigurationIsVisible = 0;
			defaultConfigurationName = Release;
		};
		287BCACB200859B100BD6234 /* Build configuration list for PBXNativeTarget "Swoosh" */ = {
			isa = XCConfigurationList;
			buildConfigurations = (
				287BCACC200859B100BD6234 /* Debug */,
				287BCACD200859B100BD6234 /* Release */,
			);
			defaultConfigurationIsVisible = 0;
			defaultConfigurationName = Release;
		};
/* End XCConfigurationList section */
	};
	rootObject = 287BCAB1200859B100BD6234 /* Project object */;
}
